# THIS IS AN AUTOGENERATED FILE. DO NOT EDIT THIS FILE DIRECTLY.
# yarn lockfile v1


"@babel/runtime@^7.1.2", "@babel/runtime@^7.13.8", "@babel/runtime@^7.15.4", "@babel/runtime@^7.20.7", "@babel/runtime@^7.6.3", "@babel/runtime@^7.8.7", "@babel/runtime@^7.9.2":
  version "7.24.6"
  resolved "https://registry.npmjs.org/@babel/runtime/-/runtime-7.24.6.tgz"
  integrity sha512-Ja18XcETdEl5mzzACGd+DKgaGJzPTCow7EglgwTmHdwokzDFYh/MHua6lU6DV/hjF2IaOJ4oX2nqnjG7RElKOw==
  dependencies:
    regenerator-runtime "^0.14.0"

"@emotion/is-prop-valid@1.2.2":
  version "1.2.2"
  resolved "https://registry.npmjs.org/@emotion/is-prop-valid/-/is-prop-valid-1.2.2.tgz"
  integrity sha512-uNsoYd37AFmaCdXlg6EYD1KaPOaRWRByMCYzbKUX4+hhMfrxdVSelShywL4JVaAeM/eHUOSprYBQls+/neX3pw==
  dependencies:
    "@emotion/memoize" "^0.8.1"

"@emotion/memoize@^0.8.1":
  version "0.8.1"
  resolved "https://registry.npmjs.org/@emotion/memoize/-/memoize-0.8.1.tgz"
  integrity sha512-W2P2c/VRW1/1tLox0mVUalvnWXxavmv/Oum2aPsRcoDJuob75FC3Y8FbpfLwUegRcxINtGUMPq0tFCvYNTBXNA==

"@emotion/unitless@0.8.1":
  version "0.8.1"
  resolved "https://registry.npmjs.org/@emotion/unitless/-/unitless-0.8.1.tgz"
  integrity sha512-KOEGMu6dmJZtpadb476IsZBclKvILjopjUii3V+7MnXIQCYh8W3NgNcgwo21n9LXZX6EDIKvqfjYxXebDwxKmQ==

"@mongodb-js/saslprep@^1.1.0":
  version "1.1.1"
  dependencies:
    sparse-bitfield "^3.0.3"

"@popperjs/core@^2.11.6":
  version "2.11.8"
  resolved "https://registry.npmjs.org/@popperjs/core/-/core-2.11.8.tgz"
  integrity sha512-P1st0aksCrn9sGZhp8GMYwBnQsbvAWsZAX44oXNNvLHGqAOcoVxmjZiohstwQ7SqKnbR47akdNi+uleWD8+g6A==

"@react-dnd/asap@^5.0.1":
  version "5.0.2"

"@react-dnd/invariant@^4.0.1":
  version "4.0.2"

"@react-dnd/shallowequal@^4.0.1":
  version "4.0.2"

"@restart/hooks@^0.4.7":
  version "0.4.16"
  resolved "https://registry.npmjs.org/@restart/hooks/-/hooks-0.4.16.tgz"
  integrity sha512-f7aCv7c+nU/3mF7NWLtVVr0Ra80RqsO89hO72r+Y/nvQr5+q0UFGkocElTH6MJApvReVh6JHUFYn2cw1WdHF3w==
  dependencies:
    dequal "^2.0.3"

"@types/hoist-non-react-statics@^3.3.0", "@types/hoist-non-react-statics@>= 3.3.1":
  version "3.3.5"
  dependencies:
    "@types/react" "*"
    hoist-non-react-statics "^3.3.0"

"@types/node@*", "@types/node@>= 12":
  version "20.10.5"
  dependencies:
    undici-types "~5.26.4"

"@types/prop-types@*":
  version "15.7.11"

"@types/react-dnd@^3.0.2":
  version "3.0.2"
  dependencies:
    react-dnd "*"

"@types/react-redux@^7.1.20":
  version "7.1.33"
  dependencies:
    "@types/hoist-non-react-statics" "^3.3.0"
    "@types/react" "*"
    hoist-non-react-statics "^3.3.0"
    redux "^4.0.0"

"@types/react@*", "@types/react@>= 16", "@types/react@>=16.9.11":
  version "16.14.56"
  dependencies:
    "@types/prop-types" "*"
    "@types/scheduler" "*"
    csstype "^3.0.2"

"@types/scheduler@*":
  version "0.16.8"

"@types/stylis@4.2.5":
  version "4.2.5"
  resolved "https://registry.npmjs.org/@types/stylis/-/stylis-4.2.5.tgz"
  integrity sha512-1Xve+NMN7FWjY14vLoY5tL3BVEQ/n42YLwaqJIPYhotZ9uBHt87VceMwWQpzmdEt2TNXIorIFG+YeCUUW7RInw==

"@types/warning@^3.0.0":
  version "3.0.3"
  resolved "https://registry.npmjs.org/@types/warning/-/warning-3.0.3.tgz"
  integrity sha512-D1XC7WK8K+zZEveUPY+cf4+kgauk8N4eHr/XIHXGlGYkHLud6hK9lYfZk1ry1TNh798cZUCgb6MqGEG8DkJt6Q==

"@types/webidl-conversions@*":
  version "7.0.3"

"@types/whatwg-url@^8.2.1":
  version "8.2.2"
  dependencies:
    "@types/node" "*"
    "@types/webidl-conversions" "*"

abbrev@1:
  version "1.1.1"

accepts@~1.3.8:
  version "1.3.8"
  dependencies:
    mime-types "~2.1.34"
    negotiator "0.6.3"

anymatch@~3.1.2:
  version "3.1.3"
  dependencies:
    normalize-path "^3.0.0"
    picomatch "^2.0.4"

array-flatten@1.1.1:
  version "1.1.1"

asynckit@^0.4.0:
  version "0.4.0"

autosize@^4.0.2:
  version "4.0.4"
  resolved "https://registry.npmjs.org/autosize/-/autosize-4.0.4.tgz"
  integrity sha512-5yxLQ22O0fCRGoxGfeLSNt3J8LB1v+umtpMnPW6XjkTWXKoN0AmXAIhelJcDtFT/Y/wYWmfE+oqU10Q0b8FhaQ==

axios@^1.6.2:
  version "1.6.2"
  dependencies:
    follow-redirects "^1.15.0"
    form-data "^4.0.0"
    proxy-from-env "^1.1.0"

balanced-match@^1.0.0:
  version "1.0.2"

bcryptjs@^2.4.3:
  version "2.4.3"

binary-extensions@^2.0.0:
  version "2.2.0"

body-parser@1.20.1:
  version "1.20.1"
  dependencies:
    bytes "3.1.2"
    content-type "~1.0.4"
    debug "2.6.9"
    depd "2.0.0"
    destroy "1.2.0"
    http-errors "2.0.0"
    iconv-lite "0.4.24"
    on-finished "2.4.1"
    qs "6.11.0"
    raw-body "2.5.1"
    type-is "~1.6.18"
    unpipe "1.0.0"

brace-expansion@^1.1.7:
  version "1.1.11"
  dependencies:
    balanced-match "^1.0.0"
    concat-map "0.0.1"

braces@~3.0.2:
  version "3.0.2"
  dependencies:
    fill-range "^7.0.1"

bson@^6.2.0:
  version "6.2.0"

buffer-equal-constant-time@1.0.1:
  version "1.0.1"

bytes@3.1.2:
  version "3.1.2"

call-bind@^1.0.0:
  version "1.0.5"
  dependencies:
    function-bind "^1.1.2"
    get-intrinsic "^1.2.1"
    set-function-length "^1.1.1"

camelize@^1.0.0:
  version "1.0.1"
  resolved "https://registry.npmjs.org/camelize/-/camelize-1.0.1.tgz"
  integrity sha512-dU+Tx2fsypxTgtLoE36npi3UqcjSSMNYfkqgmoEhtZrraP5VWq0K7FkWVTYa8eMPtnU/G2txVsfdCJTn9uzpuQ==

chokidar@^3.5.2:
  version "3.5.3"
  dependencies:
    anymatch "~3.1.2"
    braces "~3.0.2"
    glob-parent "~5.1.2"
    is-binary-path "~2.1.0"
    is-glob "~4.0.1"
    normalize-path "~3.0.0"
    readdirp "~3.6.0"
  optionalDependencies:
    fsevents "~2.3.2"

classnames@^2.2.6, "classnames@>= 2.0":
  version "2.5.1"
  resolved "https://registry.npmjs.org/classnames/-/classnames-2.5.1.tgz"
  integrity sha512-saHYOzhIQs6wy2sVxTM6bUDsQO4F50V9RQ22qBpEdCW+I+/Wmke2HOl6lS6dTpdxVhb88/I6+Hs+438c3lfUow==

cloudinary-core@^2.13.0:
  version "2.13.0"

cloudinary-react@^1.8.1:
  version "1.8.1"
  dependencies:
    cloudinary-core "^2.13.0"
    prop-types "^15.8.1"

clsx@^1.2.1:
  version "1.2.1"

combined-stream@^1.0.8:
  version "1.0.8"
  dependencies:
    delayed-stream "~1.0.0"

concat-map@0.0.1:
  version "0.0.1"

content-disposition@0.5.4:
  version "0.5.4"
  dependencies:
    safe-buffer "5.2.1"

content-type@~1.0.4:
  version "1.0.5"

cookie-signature@1.0.6:
  version "1.0.6"

cookie@0.5.0:
  version "0.5.0"

cors@^2.8.5:
  version "2.8.5"
  dependencies:
    object-assign "^4"
    vary "^1"

css-box-model@^1.2.0:
  version "1.2.1"
  dependencies:
    tiny-invariant "^1.0.6"

css-color-keywords@^1.0.0:
  version "1.0.0"
  resolved "https://registry.npmjs.org/css-color-keywords/-/css-color-keywords-1.0.0.tgz"
  integrity sha512-FyyrDHZKEjXDpNJYvVsV960FiqQyXc/LlYmsxl2BcdMb2WPx0OGRVgTg55rPSyLSNMqP52R9r8geSp7apN3Ofg==

css-to-react-native@3.2.0:
  version "3.2.0"
  resolved "https://registry.npmjs.org/css-to-react-native/-/css-to-react-native-3.2.0.tgz"
  integrity sha512-e8RKaLXMOFii+02mOlqwjbD00KSEKqblnpO9e++1aXS1fPQOpS1YoqdVHBqPjHNoxeF2mimzVqawm2KCbEdtHQ==
  dependencies:
    camelize "^1.0.0"
    css-color-keywords "^1.0.0"
    postcss-value-parser "^4.0.2"

csstype@^3.0.2, csstype@3.1.3:
  version "3.1.3"

date-arithmetic@^4.1.0:
  version "4.1.0"

dayjs@^1.11.7:
  version "1.11.10"

debug@^4:
  version "4.3.4"
  dependencies:
    ms "2.1.2"

debug@2.6.9:
  version "2.6.9"
  dependencies:
    ms "2.0.0"

debug@4.x:
  version "4.3.4"
  dependencies:
    ms "2.1.2"

deep-diff@^0.3.5:
  version "0.3.8"
  resolved "https://registry.npmjs.org/deep-diff/-/deep-diff-0.3.8.tgz"
  integrity sha512-yVn6RZmHiGnxRKR9sJb3iVV2XTF1Ghh2DiWRZ3dMnGc43yUdWWF/kX6lQyk3+P84iprfWKU/8zFTrlkvtFm1ug==

define-data-property@^1.1.1:
  version "1.1.1"
  dependencies:
    get-intrinsic "^1.2.1"
    gopd "^1.0.1"
    has-property-descriptors "^1.0.0"

delayed-stream@~1.0.0:
  version "1.0.0"

depd@2.0.0:
  version "2.0.0"

dequal@^2.0.3:
  version "2.0.3"
  resolved "https://registry.npmjs.org/dequal/-/dequal-2.0.3.tgz"
  integrity sha512-0je+qPKHEMohvfRTCEo3CrPG6cAzAYgmzKyxRiYSSDkS6eGJdyVJm7WaYA5ECaAD9wLB2T4EEeymA5aFVcYXCA==

destroy@1.2.0:
  version "1.2.0"

dhtmlx-gantt@^8.0.6:
  version "8.0.7"

dhtmlx-suite@^5.0.1:
  version "5.0.1"

dnd-core@^16.0.1:
  version "16.0.1"
  dependencies:
    "@react-dnd/asap" "^5.0.1"
    "@react-dnd/invariant" "^4.0.1"
    redux "^4.2.0"

dom-helpers@^5.2.0, dom-helpers@^5.2.1:
  version "5.2.1"
  dependencies:
    "@babel/runtime" "^7.8.7"
    csstype "^3.0.2"

dotenv@^16.3.1:
  version "16.3.1"

ecdsa-sig-formatter@1.0.11:
  version "1.0.11"
  dependencies:
    safe-buffer "^5.0.1"

ee-first@1.1.1:
  version "1.1.1"

encodeurl@~1.0.2:
  version "1.0.2"

es6-promise@~3.0.2:
  version "3.0.2"
  resolved "https://registry.npmjs.org/es6-promise/-/es6-promise-3.0.2.tgz"
  integrity sha512-CUD62/uqeE0L+EJeypOKuFfM56CFaH4vo+++J76bff0NkeQ2bBmWVCTNxL2hj9HeCYPkof6Gqea0BSeK17gBzA==

escape-html@~1.0.3:
  version "1.0.3"

etag@~1.8.1:
  version "1.8.1"

express-async-handler@^1.2.0:
  version "1.2.0"

express@^4.18.2:
  version "4.18.2"
  dependencies:
    accepts "~1.3.8"
    array-flatten "1.1.1"
    body-parser "1.20.1"
    content-disposition "0.5.4"
    content-type "~1.0.4"
    cookie "0.5.0"
    cookie-signature "1.0.6"
    debug "2.6.9"
    depd "2.0.0"
    encodeurl "~1.0.2"
    escape-html "~1.0.3"
    etag "~1.8.1"
    finalhandler "1.2.0"
    fresh "0.5.2"
    http-errors "2.0.0"
    merge-descriptors "1.0.1"
    methods "~1.1.2"
    on-finished "2.4.1"
    parseurl "~1.3.3"
    path-to-regexp "0.1.7"
    proxy-addr "~2.0.7"
    qs "6.11.0"
    range-parser "~1.2.1"
    safe-buffer "5.2.1"
    send "0.18.0"
    serve-static "1.15.0"
    setprototypeof "1.2.0"
    statuses "2.0.1"
    type-is "~1.6.18"
    utils-merge "1.0.1"
    vary "~1.1.2"

fast-deep-equal@^3.1.3:
  version "3.1.3"

fill-range@^7.0.1:
  version "7.0.1"
  dependencies:
    to-regex-range "^5.0.1"

finalhandler@1.2.0:
  version "1.2.0"
  dependencies:
    debug "2.6.9"
    encodeurl "~1.0.2"
    escape-html "~1.0.3"
    on-finished "2.4.1"
    parseurl "~1.3.3"
    statuses "2.0.1"
    unpipe "~1.0.0"

follow-redirects@^1.15.0:
  version "1.15.3"

form-data@^4.0.0:
  version "4.0.0"
  dependencies:
    asynckit "^0.4.0"
    combined-stream "^1.0.8"
    mime-types "^2.1.12"

forwarded@0.2.0:
  version "0.2.0"

fresh@0.5.2:
  version "0.5.2"

function-bind@^1.1.2:
  version "1.1.2"

get-intrinsic@^1.0.2, get-intrinsic@^1.1.3, get-intrinsic@^1.2.1, get-intrinsic@^1.2.2:
  version "1.2.2"
  dependencies:
    function-bind "^1.1.2"
    has-proto "^1.0.1"
    has-symbols "^1.0.3"
    hasown "^2.0.0"

glob-parent@~5.1.2:
  version "5.1.2"
  dependencies:
    is-glob "^4.0.1"

globalize@^0.1.1:
  version "0.1.1"

gopd@^1.0.1:
  version "1.0.1"
  dependencies:
    get-intrinsic "^1.1.3"

has-flag@^3.0.0:
  version "3.0.0"

has-property-descriptors@^1.0.0:
  version "1.0.1"
  dependencies:
    get-intrinsic "^1.2.2"

has-proto@^1.0.1:
  version "1.0.1"

has-symbols@^1.0.3:
  version "1.0.3"

hasown@^2.0.0:
  version "2.0.0"
  dependencies:
    function-bind "^1.1.2"

hoist-non-react-statics@^3.3.0, hoist-non-react-statics@^3.3.2:
  version "3.3.2"
  dependencies:
    react-is "^16.7.0"

http-errors@2.0.0:
  version "2.0.0"
  dependencies:
    depd "2.0.0"
    inherits "2.0.4"
    setprototypeof "1.2.0"
    statuses "2.0.1"
    toidentifier "1.0.1"

iconv-lite@0.2.11:
  version "0.2.11"
  resolved "https://registry.npmjs.org/iconv-lite/-/iconv-lite-0.2.11.tgz"
  integrity sha512-KhmFWgaQZY83Cbhi+ADInoUQ8Etn6BG5fikM9syeOjQltvR45h7cRKJ/9uvQEuD61I3Uju77yYce0/LhKVClQw==

iconv-lite@0.4.24:
  version "0.4.24"
  dependencies:
    safer-buffer ">= 2.1.2 < 3"

ignore-by-default@^1.0.1:
  version "1.0.1"

immutability-helper@^2.8.1:
  version "2.9.1"
  resolved "https://registry.npmjs.org/immutability-helper/-/immutability-helper-2.9.1.tgz"
  integrity sha512-r/RmRG8xO06s/k+PIaif2r5rGc3j4Yhc01jSBfwPCXDLYZwp/yxralI37Df1mwmuzcCsen/E/ITKcTEvc1PQmQ==
  dependencies:
    invariant "^2.2.0"

inherits@2.0.4:
  version "2.0.4"

invariant@^2.2.0, invariant@^2.2.4:
  version "2.2.4"
  dependencies:
    loose-envify "^1.0.0"

ipaddr.js@1.9.1:
  version "1.9.1"

is-binary-path@~2.1.0:
  version "2.1.0"
  dependencies:
    binary-extensions "^2.0.0"

is-extglob@^2.1.1:
  version "2.1.1"

is-glob@^4.0.1, is-glob@~4.0.1:
  version "4.0.3"
  dependencies:
    is-extglob "^2.1.1"

is-number@^7.0.0:
  version "7.0.0"

"js-tokens@^3.0.0 || ^4.0.0":
  version "4.0.0"

jsonwebtoken@^9.0.2:
  version "9.0.2"
  dependencies:
    jws "^3.2.2"
    lodash.includes "^4.3.0"
    lodash.isboolean "^3.0.3"
    lodash.isinteger "^4.0.4"
    lodash.isnumber "^3.0.3"
    lodash.isplainobject "^4.0.6"
    lodash.isstring "^4.0.1"
    lodash.once "^4.0.0"
    ms "^2.1.1"
    semver "^7.5.4"

just-curry-it@^3.1.0:
  version "3.2.1"
  resolved "https://registry.npmjs.org/just-curry-it/-/just-curry-it-3.2.1.tgz"
  integrity sha512-Q8206k8pTY7krW32cdmPsP+DqqLgWx/hYPSj9/+7SYqSqz7UuwPbfSe07lQtvuuaVyiSJveXk0E5RydOuWwsEg==

jwa@^1.4.1:
  version "1.4.1"
  dependencies:
    buffer-equal-constant-time "1.0.1"
    ecdsa-sig-formatter "1.0.11"
    safe-buffer "^5.0.1"

jws@^3.2.2:
  version "3.2.2"
  dependencies:
    jwa "^1.4.1"
    safe-buffer "^5.0.1"

kareem@2.5.1:
  version "2.5.1"

lodash-es@^4.17.21:
  version "4.17.21"

lodash.includes@^4.3.0:
  version "4.3.0"

lodash.isboolean@^3.0.3:
  version "3.0.3"

lodash.isinteger@^4.0.4:
  version "4.0.4"

lodash.isnumber@^3.0.3:
  version "3.0.3"

lodash.isplainobject@^4.0.6:
  version "4.0.6"

lodash.isstring@^4.0.1:
  version "4.0.1"

lodash.once@^4.0.0:
  version "4.1.1"

lodash@^4.17.11, lodash@^4.17.21, lodash@>=4.0:
  version "4.17.21"

loose-envify@^1.0.0, loose-envify@^1.1.0, loose-envify@^1.4.0:
  version "1.4.0"
  dependencies:
    js-tokens "^3.0.0 || ^4.0.0"

lru-cache@^6.0.0:
  version "6.0.0"
  dependencies:
    yallist "^4.0.0"

luxon@^3.2.1:
  version "3.4.4"

media-typer@0.3.0:
  version "0.3.0"

memoize-one@^5.1.1:
  version "5.2.1"

memoize-one@^6.0.0:
  version "6.0.0"

memory-pager@^1.0.2:
  version "1.5.0"

merge-descriptors@1.0.1:
  version "1.0.1"

methods@~1.1.2:
  version "1.1.2"

mime-db@1.52.0:
  version "1.52.0"

mime-types@^2.1.12, mime-types@~2.1.24, mime-types@~2.1.34:
  version "2.1.35"
  dependencies:
    mime-db "1.52.0"

mime@1.6.0:
  version "1.6.0"

minimatch@^3.1.2:
  version "3.1.2"
  dependencies:
    brace-expansion "^1.1.7"

moment-timezone@^0.5.40:
  version "0.5.43"
  dependencies:
    moment "^2.29.4"

moment@^2.29.4:
  version "2.29.4"

mongodb-connection-string-url@^2.6.0:
  version "2.6.0"
  dependencies:
    "@types/whatwg-url" "^8.2.1"
    whatwg-url "^11.0.0"

mongodb@6.2.0:
  version "6.2.0"
  dependencies:
    "@mongodb-js/saslprep" "^1.1.0"
    bson "^6.2.0"
    mongodb-connection-string-url "^2.6.0"

mongoose@^8.0.2:
  version "8.0.3"
  dependencies:
    bson "^6.2.0"
    kareem "2.5.1"
    mongodb "6.2.0"
    mpath "0.9.0"
    mquery "5.0.0"
    ms "2.1.3"
    sift "16.0.1"

mpath@0.9.0:
  version "0.9.0"

mquery@5.0.0:
  version "5.0.0"
  dependencies:
    debug "4.x"

ms@^2.1.1:
  version "2.1.3"

ms@2.0.0:
  version "2.0.0"

ms@2.1.2:
  version "2.1.2"

ms@2.1.3:
  version "2.1.3"

nanoid@^3.3.7:
  version "3.3.7"
  resolved "https://registry.npmjs.org/nanoid/-/nanoid-3.3.7.tgz"
  integrity sha512-eSRppjcPIatRIMC1U6UngP8XFcz8MQWGQdt1MTBQ7NaAmvXDfvNxbvWV3x2y6CdEUciCSsDHDQZbhYaB8QEo2g==

negotiator@0.6.3:
  version "0.6.3"

nodemon@^3.0.2:
  version "3.0.2"
  dependencies:
    chokidar "^3.5.2"
    debug "^4"
    ignore-by-default "^1.0.1"
    minimatch "^3.1.2"
    pstree.remy "^1.1.8"
    semver "^7.5.3"
    simple-update-notifier "^2.0.0"
    supports-color "^5.5.0"
    touch "^3.1.0"
    undefsafe "^2.0.5"

nopt@~1.0.10:
  version "1.0.10"
  dependencies:
    abbrev "1"

normalize-path@^3.0.0, normalize-path@~3.0.0:
  version "3.0.0"

object-assign@^4, object-assign@^4.1.1, object-assign@~4.1.0:
  version "4.1.1"

object-inspect@^1.9.0:
  version "1.13.1"

on-finished@2.4.1:
  version "2.4.1"
  dependencies:
    ee-first "1.1.1"

parseurl@~1.3.3:
  version "1.3.3"

path-to-regexp@0.1.7:
  version "0.1.7"

picocolors@^1.0.0:
  version "1.0.1"
  resolved "https://registry.npmjs.org/picocolors/-/picocolors-1.0.1.tgz"
  integrity sha512-anP1Z8qwhkbmu7MFP5iTt+wQKXgwzf7zTyGlcdzabySa9vd0Xt392U0rVmz9poOaBj0uHJKyyo9/upk0HrEQew==

picomatch@^2.0.4, picomatch@^2.2.1:
  version "2.3.1"

postcss-value-parser@^4.0.2:
  version "4.2.0"
  resolved "https://registry.npmjs.org/postcss-value-parser/-/postcss-value-parser-4.2.0.tgz"
  integrity sha512-1NNCs6uurfkVbeXG4S8JFT9t19m45ICnif8zWLd5oPSZ50QnwMfK+H3jv408d4jw/7Bttv5axS5IiHoLaVNHeQ==

postcss@8.4.38:
  version "8.4.38"
  resolved "https://registry.npmjs.org/postcss/-/postcss-8.4.38.tgz"
  integrity sha512-Wglpdk03BSfXkHoQa3b/oulrotAkwrlLDRSOb9D0bN86FdRyE9lppSp33aHNPgBa0JKCoB+drFLZkQoRRYae5A==
  dependencies:
    nanoid "^3.3.7"
    picocolors "^1.0.0"
    source-map-js "^1.2.0"

prop-types@^15.6.1, prop-types@^15.6.2, prop-types@^15.7.2, prop-types@^15.8.1:
  version "15.8.1"
  dependencies:
    loose-envify "^1.4.0"
    object-assign "^4.1.1"
    react-is "^16.13.1"

proxy-addr@~2.0.7:
  version "2.0.7"
  dependencies:
    forwarded "0.2.0"
    ipaddr.js "1.9.1"

proxy-from-env@^1.1.0:
  version "1.1.0"

pstree.remy@^1.1.8:
  version "1.1.8"

punycode@^2.1.1:
  version "2.3.1"

qs@1.2.0:
  version "1.2.0"
  resolved "https://registry.npmjs.org/qs/-/qs-1.2.0.tgz"
  integrity sha512-XUf0O7rlGjbH+n7uqyT+xn362fmoPe4ehtHL6VK1nbSgQ7CqG0ZZLr1nU2EyXlRq++YphPdQ/5scjIWNMSPnhg==

qs@6.11.0:
  version "6.11.0"
  dependencies:
    side-channel "^1.0.4"

raf-schd@^4.0.2:
  version "4.0.3"

range-parser@~1.2.1:
  version "1.2.1"

raw-body@2.5.1:
  version "2.5.1"
  dependencies:
    bytes "3.1.2"
    http-errors "2.0.0"
    iconv-lite "0.4.24"
    unpipe "1.0.0"

react-beautiful-dnd@^13.1.1:
  version "13.1.1"
  dependencies:
    "@babel/runtime" "^7.9.2"
    css-box-model "^1.2.0"
    memoize-one "^5.1.1"
    raf-schd "^4.0.2"
    react-redux "^7.2.0"
    redux "^4.0.4"
    use-memo-one "^1.1.1"

react-big-calendar@^1.8.5:
  version "1.8.5"
  dependencies:
    "@babel/runtime" "^7.20.7"
    clsx "^1.2.1"
    date-arithmetic "^4.1.0"
    dayjs "^1.11.7"
    dom-helpers "^5.2.1"
    globalize "^0.1.1"
    invariant "^2.2.4"
    lodash "^4.17.21"
    lodash-es "^4.17.21"
    luxon "^3.2.1"
    memoize-one "^6.0.0"
    moment "^2.29.4"
    moment-timezone "^0.5.40"
    prop-types "^15.8.1"
    react-overlays "^5.2.1"
    uncontrollable "^7.2.1"

react-dnd@*, react-dnd@^16.0.1:
  version "16.0.1"
  dependencies:
    "@react-dnd/invariant" "^4.0.1"
    "@react-dnd/shallowequal" "^4.0.1"
    dnd-core "^16.0.1"
    fast-deep-equal "^3.1.3"
    hoist-non-react-statics "^3.3.2"

react-dom@*, react-dom@^16.14.0, "react-dom@^16.14.0 || ^17 || ^18", "react-dom@^16.8.5 || ^17.0.0 || ^18.0.0", "react-dom@>= 16.3", "react-dom@>= 16.8.0", react-dom@>=16.3.0:
  version "16.14.0"
  resolved "https://registry.npmjs.org/react-dom/-/react-dom-16.14.0.tgz"
  integrity sha512-1gCeQXDLoIqMgqD3IO2Ah9bnf0w9kzhwN5q4FGnHZ67hBm9yePzB5JJAIQCc8x3pFnNlwFq4RidZggNAAkzWWw==
  dependencies:
    loose-envify "^1.1.0"
    object-assign "^4.1.1"
    prop-types "^15.6.2"
    scheduler "^0.19.1"

react-google-charts@^4.0.1:
  version "4.0.1"

react-icons@^5.2.1:
  version "5.2.1"

react-is@^16.13.1, react-is@^16.6.0, react-is@^16.7.0:
  version "16.13.1"

react-is@^17.0.2:
  version "17.0.2"

react-lifecycles-compat@^3.0.0, react-lifecycles-compat@^3.0.4:
  version "3.0.4"

react-overlays@^5.2.1:
  version "5.2.1"
  resolved "https://registry.npmjs.org/react-overlays/-/react-overlays-5.2.1.tgz"
  integrity sha512-GLLSOLWr21CqtJn8geSwQfoJufdt3mfdsnIiQswouuQ2MMPns+ihZklxvsTDKD3cR2tF8ELbi5xUsvqVhR6WvA==
  dependencies:
    "@babel/runtime" "^7.13.8"
    "@popperjs/core" "^2.11.6"
    "@restart/hooks" "^0.4.7"
    "@types/warning" "^3.0.0"
    dom-helpers "^5.2.0"
    prop-types "^15.7.2"
    uncontrollable "^7.2.1"
    warning "^4.0.3"

react-popopo@^2.1.9:
  version "2.1.9"
  resolved "https://registry.npmjs.org/react-popopo/-/react-popopo-2.1.9.tgz"
  integrity sha512-zXOpcLSpaLZmBxhdtenJzQPLjY81XknVS/tXH4Kv5BBrnYIUPHvVdGmS7+o9s7DjCzzdK7AdVwtG+FVSO0cZ8g==
  dependencies:
    classnames ">= 2.0"
    prop-types "^15.7.2"
    react ">= 16.3"
    react-dom ">= 16.3"
    styled-components ">= 4.0"

react-redux@^5.0.7:
  version "5.1.2"
  resolved "https://registry.npmjs.org/react-redux/-/react-redux-5.1.2.tgz"
  integrity sha512-Ns1G0XXc8hDyH/OcBHOxNgQx9ayH3SPxBnFCOidGKSle8pKihysQw2rG/PmciUQRoclhVBO8HMhiRmGXnDja9Q==
  dependencies:
    "@babel/runtime" "^7.1.2"
    hoist-non-react-statics "^3.3.0"
    invariant "^2.2.4"
    loose-envify "^1.1.0"
    prop-types "^15.6.1"
    react-is "^16.6.0"
    react-lifecycles-compat "^3.0.0"

react-redux@^7.2.0:
  version "7.2.9"
  dependencies:
    "@babel/runtime" "^7.15.4"
    "@types/react-redux" "^7.1.20"
    hoist-non-react-statics "^3.3.2"
    loose-envify "^1.4.0"
    prop-types "^15.7.2"
    react-is "^17.0.2"

react-trello@^2.2.11:
  version "2.2.11"
  resolved "https://registry.npmjs.org/react-trello/-/react-trello-2.2.11.tgz"
  integrity sha512-Zm7qrPAcFTysUXK6wpa1KhTt7fTadIZgNGYj+blDWGnppFYW7GMi1p+S6J8P9quhzKnIJTSZXVzHA1f4sREIVQ==
  dependencies:
    autosize "^4.0.2"
    classnames "^2.2.6"
    immutability-helper "^2.8.1"
    lodash "^4.17.11"
    prop-types "^15.7.2"
    react-popopo "^2.1.9"
    react-redux "^5.0.7"
    redux "^4.0.0"
    redux-actions "^2.6.1"
    redux-logger "^3.0.6"
    trello-smooth-dnd "1.0.0"
    uuid "^3.3.2"

react@*, "react@^0.14.0 || ^15.0.0-0 || ^16.0.0-0", react@^16.14.0, "react@^16.14.0 || ^17 || ^18", "react@^16.3.3 || ^17.0.0 || ^18.0.0", "react@^16.8.0 || ^17.0.0 || ^18.0.0", "react@^16.8.3 || ^17 || ^18", "react@^16.8.5 || ^17.0.0 || ^18.0.0", "react@>= 16.14", "react@>= 16.3", "react@>= 16.8.0", react@>=15.0.0, react@>=16.3.0, react@>=16.8.0:
  version "16.14.0"
  resolved "https://registry.npmjs.org/react/-/react-16.14.0.tgz"
  integrity sha512-0X2CImDkJGApiAlcf0ODKIneSwBPhqJawOa5wCtKbu7ZECrmS26NvtSILynQ66cgkT/RJ4LidJOc3bUESwmU8g==
  dependencies:
    loose-envify "^1.1.0"
    object-assign "^4.1.1"
    prop-types "^15.6.2"

readdirp@~3.6.0:
  version "3.6.0"
  dependencies:
    picomatch "^2.2.1"

reduce-reducers@^0.4.3:
  version "0.4.3"
  resolved "https://registry.npmjs.org/reduce-reducers/-/reduce-reducers-0.4.3.tgz"
  integrity sha512-+CNMnI8QhgVMtAt54uQs3kUxC3Sybpa7Y63HR14uGLgI9/QR5ggHvpxwhGGe3wmx5V91YwqQIblN9k5lspAmGw==

redux-actions@^2.6.1:
  version "2.6.5"
  resolved "https://registry.npmjs.org/redux-actions/-/redux-actions-2.6.5.tgz"
  integrity sha512-pFhEcWFTYNk7DhQgxMGnbsB1H2glqhQJRQrtPb96kD3hWiZRzXHwwmFPswg6V2MjraXRXWNmuP9P84tvdLAJmw==
  dependencies:
    invariant "^2.2.4"
    just-curry-it "^3.1.0"
    loose-envify "^1.4.0"
    reduce-reducers "^0.4.3"
    to-camel-case "^1.0.0"

redux-logger@^3.0.6:
  version "3.0.6"
  resolved "https://registry.npmjs.org/redux-logger/-/redux-logger-3.0.6.tgz"
  integrity sha512-JoCIok7bg/XpqA1JqCqXFypuqBbQzGQySrhFzewB7ThcnysTO30l4VCst86AuB9T9tuT03MAA56Jw2PNhRSNCg==
  dependencies:
    deep-diff "^0.3.5"

"redux@^2.0.0 || ^3.0.0 || ^4.0.0-0", redux@^4.0.0, redux@^4.0.4, redux@^4.2.0:
  version "4.2.1"
  dependencies:
    "@babel/runtime" "^7.9.2"

regenerator-runtime@^0.14.0:
  version "0.14.1"

restler@~3.3.0:
  version "3.3.0"
  resolved "https://registry.npmjs.org/restler/-/restler-3.3.0.tgz"
  integrity sha512-TrnPEY3DJgFJgPd5vJmHpOj0WlAzLcX2eIcAqc/EB/YlgPFz0aMD55GkQN16d3nX0ydlq93lthZWGKyBpVnFEg==
  dependencies:
    iconv-lite "0.2.11"
    qs "1.2.0"
    xml2js "0.4.0"
    yaml "0.2.3"

safe-buffer@^5.0.1, safe-buffer@5.2.1:
  version "5.2.1"

"safer-buffer@>= 2.1.2 < 3":
  version "2.1.2"

sax@0.5.x:
  version "0.5.8"
  resolved "https://registry.npmjs.org/sax/-/sax-0.5.8.tgz"
  integrity sha512-c0YL9VcSfcdH3F1Qij9qpYJFpKFKMXNOkLWFssBL3RuF7ZS8oZhllR2rWlCRjDTJsfq3R6wbSsaRU6o0rkEdNw==

scheduler@^0.19.1:
  version "0.19.1"
  resolved "https://registry.npmjs.org/scheduler/-/scheduler-0.19.1.tgz"
  integrity sha512-n/zwRWRYSUj0/3g/otKDRPMh6qv2SYMWNq85IEa8iZyAv8od9zDYpGSnpBEjNgcMNq6Scbu5KfIPxNF72R/2EA==
  dependencies:
    loose-envify "^1.1.0"
    object-assign "^4.1.1"

semver@^7.5.3, semver@^7.5.4:
  version "7.5.4"
  dependencies:
    lru-cache "^6.0.0"

send@0.18.0:
  version "0.18.0"
  dependencies:
    debug "2.6.9"
    depd "2.0.0"
    destroy "1.2.0"
    encodeurl "~1.0.2"
    escape-html "~1.0.3"
    etag "~1.8.1"
    fresh "0.5.2"
    http-errors "2.0.0"
    mime "1.6.0"
    ms "2.1.3"
    on-finished "2.4.1"
    range-parser "~1.2.1"
    statuses "2.0.1"

serve-static@1.15.0:
  version "1.15.0"
  dependencies:
    encodeurl "~1.0.2"
    escape-html "~1.0.3"
    parseurl "~1.3.3"
    send "0.18.0"

set-function-length@^1.1.1:
  version "1.1.1"
  dependencies:
    define-data-property "^1.1.1"
    get-intrinsic "^1.2.1"
    gopd "^1.0.1"
    has-property-descriptors "^1.0.0"

setprototypeof@1.2.0:
  version "1.2.0"

shallowequal@1.1.0:
  version "1.1.0"
  resolved "https://registry.npmjs.org/shallowequal/-/shallowequal-1.1.0.tgz"
  integrity sha512-y0m1JoUZSlPAjXVtPPW70aZWfIL/dSP7AFkRnniLCrK/8MDKog3TySTBmckD+RObVxH0v4Tox67+F14PdED2oQ==

side-channel@^1.0.4:
  version "1.0.4"
  dependencies:
    call-bind "^1.0.0"
    get-intrinsic "^1.0.2"
    object-inspect "^1.9.0"

sift@16.0.1:
  version "16.0.1"

simple-update-notifier@^2.0.0:
  version "2.0.0"
  dependencies:
    semver "^7.5.3"

source-map-js@^1.2.0:
  version "1.2.0"
  resolved "https://registry.npmjs.org/source-map-js/-/source-map-js-1.2.0.tgz"
  integrity sha512-itJW8lvSA0TXEphiRoawsCksnlf8SyvmFzIhltqAHluXd88pkCd+cXJVHTDwdCr0IzwptSm035IHQktUu1QUMg==

sparse-bitfield@^3.0.3:
  version "3.0.3"
  dependencies:
    memory-pager "^1.0.2"

statuses@2.0.1:
  version "2.0.1"

"styled-components@>= 4.0", "styled-components@>= 4.0.3":
  version "6.1.11"
  resolved "https://registry.npmjs.org/styled-components/-/styled-components-6.1.11.tgz"
  integrity sha512-Ui0jXPzbp1phYij90h12ksljKGqF8ncGx+pjrNPsSPhbUUjWT2tD1FwGo2LF6USCnbrsIhNngDfodhxbegfEOA==
  dependencies:
    "@emotion/is-prop-valid" "1.2.2"
    "@emotion/unitless" "0.8.1"
    "@types/stylis" "4.2.5"
    css-to-react-native "3.2.0"
    csstype "3.1.3"
    postcss "8.4.38"
    shallowequal "1.1.0"
    stylis "4.3.2"
    tslib "2.6.2"

stylis@4.3.2:
  version "4.3.2"
  resolved "https://registry.npmjs.org/stylis/-/stylis-4.3.2.tgz"
  integrity sha512-bhtUjWd/z6ltJiQwg0dUfxEJ+W+jdqQd8TbWLWyeIJHlnsqmGLRFFd8e5mA0AZi/zx90smXRlN66YMTcaSFifg==

supports-color@^5.5.0:
  version "5.5.0"
  dependencies:
    has-flag "^3.0.0"

tiny-invariant@^1.0.6:
  version "1.3.3"

to-camel-case@^1.0.0:
  version "1.0.0"
  resolved "https://registry.npmjs.org/to-camel-case/-/to-camel-case-1.0.0.tgz"
  integrity sha512-nD8pQi5H34kyu1QDMFjzEIYqk0xa9Alt6ZfrdEMuHCFOfTLhDG5pgTu/aAM9Wt9lXILwlXmWP43b8sav0GNE8Q==
  dependencies:
    to-space-case "^1.0.0"

to-no-case@^1.0.0:
  version "1.0.2"
  resolved "https://registry.npmjs.org/to-no-case/-/to-no-case-1.0.2.tgz"
  integrity sha512-Z3g735FxuZY8rodxV4gH7LxClE4H0hTIyHNIHdk+vpQxjLm0cwnKXq/OFVZ76SOQmto7txVcwSCwkU5kqp+FKg==

to-regex-range@^5.0.1:
  version "5.0.1"
  dependencies:
    is-number "^7.0.0"

to-space-case@^1.0.0:
  version "1.0.0"
  resolved "https://registry.npmjs.org/to-space-case/-/to-space-case-1.0.0.tgz"
  integrity sha512-rLdvwXZ39VOn1IxGL3V6ZstoTbwLRckQmn/U8ZDLuWwIXNpuZDhQ3AiRUlhTbOXFVE9C+dR51wM0CBDhk31VcA==
  dependencies:
    to-no-case "^1.0.0"

toidentifier@1.0.1:
  version "1.0.1"

touch@^3.1.0:
  version "3.1.0"
  dependencies:
    nopt "~1.0.10"

tr46@^3.0.0:
  version "3.0.0"
  dependencies:
    punycode "^2.1.1"

trello-smooth-dnd@1.0.0:
  version "1.0.0"
  resolved "https://registry.npmjs.org/trello-smooth-dnd/-/trello-smooth-dnd-1.0.0.tgz"
  integrity sha512-KgYEwmxX08Dl4OmioEv24LSnlNp9jNv8lwTQlUMbMm6B+VuwyQuuuoyu4wlsRweiMCCC6sZXpCCGkmAni/vCaQ==

trello@^0.11.0:
  version "0.11.0"
  resolved "https://registry.npmjs.org/trello/-/trello-0.11.0.tgz"
  integrity sha512-WMjfSTA+ybGnd36ZoMX7Ia7wfpU9KP2lsafv9mjLwFcE1ECp8b9/rX3uW4ivNO7jVLnHRyQ1pHsirbMvK0Ix2Q==
  dependencies:
    es6-promise "~3.0.2"
    object-assign "~4.1.0"
    restler "~3.3.0"

tslib@2.6.2:
  version "2.6.2"
  resolved "https://registry.npmjs.org/tslib/-/tslib-2.6.2.tgz"
  integrity sha512-AEYxH93jGFPn/a2iVAwW87VuUIkR1FVUKB77NwMF7nBTDkDrrT/Hpt/IrCJ0QXhW27jTBDcf5ZY7w6RiqTMw2Q==

type-is@~1.6.18:
  version "1.6.18"
  dependencies:
    media-typer "0.3.0"
    mime-types "~2.1.24"

uncontrollable@^7.2.1:
  version "7.2.1"
  dependencies:
    "@babel/runtime" "^7.6.3"
    "@types/react" ">=16.9.11"
    invariant "^2.2.4"
    react-lifecycles-compat "^3.0.4"

undefsafe@^2.0.5:
  version "2.0.5"

undici-types@~5.26.4:
  version "5.26.5"

unpipe@~1.0.0, unpipe@1.0.0:
  version "1.0.0"

use-memo-one@^1.1.1:
  version "1.1.3"

utils-merge@1.0.1:
  version "1.0.1"

uuid@^3.3.2:
  version "3.4.0"
  resolved "https://registry.npmjs.org/uuid/-/uuid-3.4.0.tgz"
  integrity sha512-HjSDRw6gZE5JMggctHBcjVak08+KEVhSIiDzFnT9S9aegmp85S/bReBVTb4QTFaRNptJ9kuYaNhnbNEOkbKb/A==

vary@^1, vary@~1.1.2:
  version "1.1.2"

warning@^4.0.3:
  version "4.0.3"
  resolved "https://registry.npmjs.org/warning/-/warning-4.0.3.tgz"
  integrity sha512-rpJyN222KWIvHJ/F53XSZv0Zl/accqHR8et1kpaMTD/fLCRxtV8iX8czMzY7sVZupTI3zcUTg8eycS2kNF9l6w==
  dependencies:
    loose-envify "^1.0.0"

webidl-conversions@^7.0.0:
  version "7.0.0"

whatwg-url@^11.0.0:
  version "11.0.0"
  dependencies:
    tr46 "^3.0.0"
    webidl-conversions "^7.0.0"

xml2js@0.4.0:
  version "0.4.0"
  resolved "https://registry.npmjs.org/xml2js/-/xml2js-0.4.0.tgz"
  integrity sha512-Uo9irqHi4waSloqTJ37nHn/XzbYi8JL/TYzMb+pq8xkINNayVhPTGOh8XWhZTP2WD3dX8Ngm5bGc+7YDnIoYIw==
  dependencies:
    sax "0.5.x"
    xmlbuilder ">=0.4.2"

xmlbuilder@>=0.4.2:
  version "15.1.1"
  resolved "https://registry.npmjs.org/xmlbuilder/-/xmlbuilder-15.1.1.tgz"
  integrity sha512-yMqGBqtXyeN1e3TGYvgNgDVZ3j84W4cwkOXQswghol6APgZWaff9lnbvN7MHYJOiXsvGPXtjTYJEiC9J2wv9Eg==

yallist@^4.0.0:
  version "4.0.0"

yaml@0.2.3:
  version "0.2.3"
  resolved "https://registry.npmjs.org/yaml/-/yaml-0.2.3.tgz"
  integrity sha512-LzdhmhritYCRww8GLH95Sk5A2c18ddRQMeooOUnqWkDUnBbmVfqgg2fXH2MxAHYHCVTHDK1EEbmgItQ8kOpM0Q==
